<?xml version="1.0" encoding="utf-8"?>
<Project ToolsVersion="4.0" xmlns="http://schemas.microsoft.com/developer/msbuild/2003">
  <ItemGroup>
    <Filter Include="Bloxy">
      <UniqueIdentifier>{7372E60C-DF86-0EBE-A808-B21D14DC0AEF}</UniqueIdentifier>
    </Filter>
    <Filter Include="Bloxy\Core">
      <UniqueIdentifier>{AB167808-97CE-B955-00D6-92B1ECAC5446}</UniqueIdentifier>
    </Filter>
    <Filter Include="Bloxy\Core\Input">
      <UniqueIdentifier>{EADAE0E1-D6D3-FF33-FF05-E5B8EB5DDF3F}</UniqueIdentifier>
    </Filter>
    <Filter Include="Bloxy\Core\Printing">
      <UniqueIdentifier>{25B5CF26-9116-AD34-1A84-F3E686E4E3F3}</UniqueIdentifier>
    </Filter>
    <Filter Include="Bloxy\Core\Time">
      <UniqueIdentifier>{29565AF7-95E1-C7BB-9EF2-4AB00AFD23BC}</UniqueIdentifier>
    </Filter>
    <Filter Include="Bloxy\RendererAPI">
      <UniqueIdentifier>{F33F97A3-5F56-9539-A8CD-205B142366C1}</UniqueIdentifier>
    </Filter>
    <Filter Include="Bloxy\RendererAPI\OpenGL">
      <UniqueIdentifier>{C719F42B-B33E-43AC-DC89-283CC80D42CA}</UniqueIdentifier>
    </Filter>
  </ItemGroup>
  <ItemGroup>
    <ClInclude Include="Source\Bloxy.h" />
    <ClInclude Include="Source\Bloxy\Core\Application.h">
      <Filter>Bloxy\Core</Filter>
    </ClInclude>
    <ClInclude Include="Source\Bloxy\Core\Input\Event.h">
      <Filter>Bloxy\Core\Input</Filter>
    </ClInclude>
    <ClInclude Include="Source\Bloxy\Core\Input\Events.h">
      <Filter>Bloxy\Core\Input</Filter>
    </ClInclude>
    <ClInclude Include="Source\Bloxy\Core\Input\Input.h">
      <Filter>Bloxy\Core\Input</Filter>
    </ClInclude>
    <ClInclude Include="Source\Bloxy\Core\Input\KeyCodes.h">
      <Filter>Bloxy\Core\Input</Filter>
    </ClInclude>
    <ClInclude Include="Source\Bloxy\Core\Input\KeyboardEvent.h">
      <Filter>Bloxy\Core\Input</Filter>
    </ClInclude>
    <ClInclude Include="Source\Bloxy\Core\Input\MouseCodes.h">
      <Filter>Bloxy\Core\Input</Filter>
    </ClInclude>
    <ClInclude Include="Source\Bloxy\Core\Input\MouseEvent.h">
      <Filter>Bloxy\Core\Input</Filter>
    </ClInclude>
    <ClInclude Include="Source\Bloxy\Core\Input\WindowEvent.h">
      <Filter>Bloxy\Core\Input</Filter>
    </ClInclude>
    <ClInclude Include="Source\Bloxy\Core\Layer.h">
      <Filter>Bloxy\Core</Filter>
    </ClInclude>
    <ClInclude Include="Source\Bloxy\Core\Printing\Logger.h">
      <Filter>Bloxy\Core\Printing</Filter>
    </ClInclude>
    <ClInclude Include="Source\Bloxy\Core\Printing\Print.h">
      <Filter>Bloxy\Core\Printing</Filter>
    </ClInclude>
    <ClInclude Include="Source\Bloxy\Core\Time\Time.h">
      <Filter>Bloxy\Core\Time</Filter>
    </ClInclude>
    <ClInclude Include="Source\Bloxy\Core\Time\Timer.h">
      <Filter>Bloxy\Core\Time</Filter>
    </ClInclude>
    <ClInclude Include="Source\Bloxy\Core\Window.h">
      <Filter>Bloxy\Core</Filter>
    </ClInclude>
    <ClInclude Include="Source\Bloxy\RendererAPI\OpenGL\OpenGLInput.h">
      <Filter>Bloxy\RendererAPI\OpenGL</Filter>
    </ClInclude>
    <ClInclude Include="Source\Bloxy\RendererAPI\OpenGL\OpenGLWindow.h">
      <Filter>Bloxy\RendererAPI\OpenGL</Filter>
    </ClInclude>
    <ClInclude Include="Source\Bloxy\RendererAPI\RendererAPI.h">
      <Filter>Bloxy\RendererAPI\OpenGL</Filter>
    </ClInclude>
    <ClInclude Include="Source\pchBloxy.h" />
    <ClInclude Include="Source\Bloxy\Core\Math\Vector.h" />
    <ClInclude Include="Source\Bloxy\Core\Math\Mathf.h" />
    <ClInclude Include="Source\Bloxy\Renderer\Renderer.h" />
    <ClInclude Include="Source\Bloxy\RendererAPI\OpenGL\OpenGLRenderer.h" />
    <ClInclude Include="Source\Bloxy\Renderer\VertexBuffer.h" />
    <ClInclude Include="Source\Bloxy\RendererAPI\OpenGL\OpenGLVertexBuffer.h" />
    <ClInclude Include="Source\Bloxy\Renderer\IndexBuffer.h" />
    <ClInclude Include="Source\Bloxy\RendererAPI\OpenGL\OpenGLIndexBuffer.h" />
    <ClInclude Include="Source\Bloxy\Renderer\VertexArray.h" />
    <ClInclude Include="Source\Bloxy\RendererAPI\OpenGL\OpenGLVertexArray.h" />
    <ClInclude Include="Source\Bloxy\RendererAPI\OpenGL\OpenGLBufferLayout.h" />
    <ClInclude Include="Source\Bloxy\Renderer\Vertex.h" />
    <ClInclude Include="Source\Bloxy\RendererAPI\OpenGL\OpenGLShader.h" />
    <ClInclude Include="Source\Bloxy\Renderer\Shader.h" />
    <ClInclude Include="Source\Bloxy\File\File.h" />
    <ClInclude Include="Source\Bloxy\Renderer\ShaderProgram.h" />
    <ClInclude Include="Source\Bloxy\RendererAPI\OpenGL\OpenGLShaderProgram.h" />
  </ItemGroup>
  <ItemGroup>
    <ClCompile Include="Source\Bloxy\Core\Application.cpp">
      <Filter>Bloxy\Core</Filter>
    </ClCompile>
    <ClCompile Include="Source\Bloxy\Core\EntryPoint.cpp">
      <Filter>Bloxy\Core</Filter>
    </ClCompile>
    <ClCompile Include="Source\Bloxy\Core\Input\Input.cpp">
      <Filter>Bloxy\Core\Input</Filter>
    </ClCompile>
    <ClCompile Include="Source\Bloxy\Core\Input\KeyboardEvent.cpp">
      <Filter>Bloxy\Core\Input</Filter>
    </ClCompile>
    <ClCompile Include="Source\Bloxy\Core\Input\MouseEvent.cpp">
      <Filter>Bloxy\Core\Input</Filter>
    </ClCompile>
    <ClCompile Include="Source\Bloxy\Core\Printing\Logger.cpp">
      <Filter>Bloxy\Core\Printing</Filter>
    </ClCompile>
    <ClCompile Include="Source\Bloxy\Core\Time\Time.cpp">
      <Filter>Bloxy\Core\Time</Filter>
    </ClCompile>
    <ClCompile Include="Source\Bloxy\Core\Time\Timer.cpp">
      <Filter>Bloxy\Core\Time</Filter>
    </ClCompile>
    <ClCompile Include="Source\Bloxy\Core\Window.cpp">
      <Filter>Bloxy\Core</Filter>
    </ClCompile>
    <ClCompile Include="Source\Bloxy\RendererAPI\OpenGL\OpenGLInput.cpp">
      <Filter>Bloxy\RendererAPI\OpenGL</Filter>
    </ClCompile>
    <ClCompile Include="Source\Bloxy\RendererAPI\OpenGL\OpenGLWindow.cpp">
      <Filter>Bloxy\RendererAPI\OpenGL</Filter>
    </ClCompile>
    <ClCompile Include="Source\Bloxy\RendererAPI\RendererAPI.cpp">
      <Filter>Bloxy\RendererAPI\OpenGL</Filter>
    </ClCompile>
    <ClCompile Include="Source\pchBloxy.cpp" />
    <ClCompile Include="Source\Bloxy\Core\Input\WindowEvent.cpp" />
    <ClCompile Include="Source\Bloxy\Core\Math\Mathf.cpp" />
    <ClCompile Include="Source\Bloxy\Renderer\Renderer.cpp" />
    <ClCompile Include="Source\Bloxy\RendererAPI\OpenGL\OpenGLRenderer.cpp" />
    <ClCompile Include="Source\Bloxy\RendererAPI\OpenGL\OpenGLVertexBuffer.cpp" />
    <ClCompile Include="Source\Bloxy\RendererAPI\OpenGL\OpenGLIndexBuffer.cpp" />
    <ClCompile Include="Source\Bloxy\RendererAPI\OpenGL\OpenGLVertexArray.cpp" />
    <ClCompile Include="Source\Bloxy\RendererAPI\OpenGL\OpenGLBufferLayout.cpp" />
    <ClCompile Include="Source\Bloxy\Renderer\VertexArray.cpp" />
    <ClCompile Include="Source\Bloxy\File\File.cpp" />
    <ClCompile Include="Source\Bloxy\RendererAPI\OpenGL\OpenGLShader.cpp" />
    <ClCompile Include="Source\Bloxy\Renderer\ShaderProgram.cpp" />
    <ClCompile Include="Source\Bloxy\RendererAPI\OpenGL\OpenGLShaderProgram.cpp" />
  </ItemGroup>
</Project>